
Microsoft Visual Studio Solution File, Format Version 12.00
# Visual Studio Version 17
VisualStudioVersion = 17.14.36518.9
MinimumVisualStudioVersion = 10.0.40219.1
Project("{FAE04EC0-301F-11D3-BF4B-00C04F79EFBC}") = "apam", "apam.csproj", "{C9C0CA40-2134-4D7B-BFDD-8920BBF7D44F}"
EndProject
Global
	GlobalSection(SolutionConfigurationPlatforms) = preSolution
		Debug|Any CPU = Debug|Any CPU
		Debug|ARM64 = Debug|ARM64
		Release|Any CPU = Release|Any CPU
		Release|ARM64 = Release|ARM64
	EndGlobalSection
	GlobalSection(ProjectConfigurationPlatforms) = postSolution
		{C9C0CA40-2134-4D7B-BFDD-8920BBF7D44F}.Debug|Any CPU.ActiveCfg = Debug|Any CPU
		{C9C0CA40-2134-4D7B-BFDD-8920BBF7D44F}.Debug|Any CPU.Build.0 = Debug|Any CPU
		{C9C0CA40-2134-4D7B-BFDD-8920BBF7D44F}.Debug|Any CPU.Deploy.0 = Debug|Any CPU
		{C9C0CA40-2134-4D7B-BFDD-8920BBF7D44F}.Debug|ARM64.ActiveCfg = Debug|ARM64
		{C9C0CA40-2134-4D7B-BFDD-8920BBF7D44F}.Debug|ARM64.Build.0 = Debug|ARM64
		{C9C0CA40-2134-4D7B-BFDD-8920BBF7D44F}.Debug|ARM64.Deploy.0 = Debug|ARM64
		{C9C0CA40-2134-4D7B-BFDD-8920BBF7D44F}.Release|Any CPU.ActiveCfg = Release|Any CPU
		{C9C0CA40-2134-4D7B-BFDD-8920BBF7D44F}.Release|Any CPU.Build.0 = Release|Any CPU
		{C9C0CA40-2134-4D7B-BFDD-8920BBF7D44F}.Release|ARM64.ActiveCfg = Release|ARM64
		{C9C0CA40-2134-4D7B-BFDD-8920BBF7D44F}.Release|ARM64.Build.0 = Release|ARM64
		{C9C0CA40-2134-4D7B-BFDD-8920BBF7D44F}.Release|ARM64.Deploy.0 = Release|ARM64
	EndGlobalSection
	GlobalSection(SolutionProperties) = preSolution
		HideSolutionNode = FALSE
	EndGlobalSection
	GlobalSection(ExtensibilityGlobals) = postSolution
		SolutionGuid = {3CD4BD2A-9AE1-454E-BA5B-B15FA33F3654}
	EndGlobalSection
EndGlobal
